// !$*UTF8*$!
{
	archiveVersion = 1;
	classes = {
	};
	objectVersion = 50;
	objects = {

/* Begin PBXBuildFile section */
		498FE458242FD63A005138C7 /* AppDelegate.swift in Sources */ = {isa = PBXBuildFile; fileRef = 498FE457242FD63A005138C7 /* AppDelegate.swift */; };
		498FE45A242FD63A005138C7 /* SceneDelegate.swift in Sources */ = {isa = PBXBuildFile; fileRef = 498FE459242FD63A005138C7 /* SceneDelegate.swift */; };
		498FE45C242FD63A005138C7 /* ContentView.swift in Sources */ = {isa = PBXBuildFile; fileRef = 498FE45B242FD63A005138C7 /* ContentView.swift */; };
		498FE45E242FD63A005138C7 /* Assets.xcassets in Resources */ = {isa = PBXBuildFile; fileRef = 498FE45D242FD63A005138C7 /* Assets.xcassets */; };
		498FE461242FD63A005138C7 /* Preview Assets.xcassets in Resources */ = {isa = PBXBuildFile; fileRef = 498FE460242FD63A005138C7 /* Preview Assets.xcassets */; };
		498FE464242FD63A005138C7 /* LaunchScreen.storyboard in Resources */ = {isa = PBXBuildFile; fileRef = 498FE462242FD63A005138C7 /* LaunchScreen.storyboard */; };
		498FE46C242FD6A1005138C7 /* Beverages.storyboard in Resources */ = {isa = PBXBuildFile; fileRef = 498FE46B242FD6A1005138C7 /* Beverages.storyboard */; };
/* End PBXBuildFile section */

/* Begin PBXFileReference section */
		498FE454242FD63A005138C7 /* AppBeverages.app */ = {isa = PBXFileReference; explicitFileType = wrapper.application; includeInIndex = 0; path = AppBeverages.app; sourceTree = BUILT_PRODUCTS_DIR; };
		498FE457242FD63A005138C7 /* AppDelegate.swift */ = {isa = PBXFileReference; lastKnownFileType = sourcecode.swift; path = AppDelegate.swift; sourceTree = "<group>"; };
		498FE459242FD63A005138C7 /* SceneDelegate.swift */ = {isa = PBXFileReference; lastKnownFileType = sourcecode.swift; path = SceneDelegate.swift; sourceTree = "<group>"; };
		498FE45B242FD63A005138C7 /* ContentView.swift */ = {isa = PBXFileReference; lastKnownFileType = sourcecode.swift; path = ContentView.swift; sourceTree = "<group>"; };
		498FE45D242FD63A005138C7 /* Assets.xcassets */ = {isa = PBXFileReference; lastKnownFileType = folder.assetcatalog; path = Assets.xcassets; sourceTree = "<group>"; };
		498FE460242FD63A005138C7 /* Preview Assets.xcassets */ = {isa = PBXFileReference; lastKnownFileType = folder.assetcatalog; path = "Preview Assets.xcassets"; sourceTree = "<group>"; };
		498FE463242FD63A005138C7 /* Base */ = {isa = PBXFileReference; lastKnownFileType = file.storyboard; name = Base; path = Base.lproj/LaunchScreen.storyboard; sourceTree = "<group>"; };
		498FE465242FD63A005138C7 /* Info.plist */ = {isa = PBXFileReference; lastKnownFileType = text.plist.xml; path = Info.plist; sourceTree = "<group>"; };
		498FE46B242FD6A1005138C7 /* Beverages.storyboard */ = {isa = PBXFileReference; lastKnownFileType = file.storyboard; path = Beverages.storyboard; sourceTree = "<group>"; };
/* End PBXFileReference section */

/* Begin PBXFrameworksBuildPhase section */
		498FE451242FD63A005138C7 /* Frameworks */ = {
			isa = PBXFrameworksBuildPhase;
			buildActionMask = 2147483647;
			files = (
			);
			runOnlyForDeploymentPostprocessing = 0;
		};
/* End PBXFrameworksBuildPhase section */

/* Begin PBXGroup section */
		498FE44B242FD63A005138C7 = {
			isa = PBXGroup;
			children = (
				498FE456242FD63A005138C7 /* AppBeverages */,
				498FE455242FD63A005138C7 /* Products */,
			);
			sourceTree = "<group>";
		};
		498FE455242FD63A005138C7 /* Products */ = {
			isa = PBXGroup;
			children = (
				498FE454242FD63A005138C7 /* AppBeverages.app */,
			);
			name = Products;
			sourceTree = "<group>";
		};
		498FE456242FD63A005138C7 /* AppBeverages */ = {
			isa = PBXGroup;
			children = (
				498FE457242FD63A005138C7 /* AppDelegate.swift */,
				498FE459242FD63A005138C7 /* SceneDelegate.swift */,
				498FE45B242FD63A005138C7 /* ContentView.swift */,
				498FE45D242FD63A005138C7 /* Assets.xcassets */,
				498FE462242FD63A005138C7 /* LaunchScreen.storyboard */,
				498FE465242FD63A005138C7 /* Info.plist */,
				498FE45F242FD63A005138C7 /* Preview Content */,
				498FE46B242FD6A1005138C7 /* Beverages.storyboard */,
			);
			path = AppBeverages;
			sourceTree = "<group>";
		};
		498FE45F242FD63A005138C7 /* Preview Content */ = {
			isa = PBXGroup;
			children = (
				498FE460242FD63A005138C7 /* Preview Assets.xcassets */,
			);
			path = "Preview Content";
			sourceTree = "<group>";
		};
/* End PBXGroup section */

/* Begin PBXNativeTarget section */
		498FE453242FD63A005138C7 /* AppBeverages */ = {
			isa = PBXNativeTarget;
			buildConfigurationList = 498FE468242FD63A005138C7 /* Build configuration list for PBXNativeTarget "AppBeverages" */;
			buildPhases = (
				498FE450242FD63A005138C7 /* Sources */,
				498FE451242FD63A005138C7 /* Frameworks */,
				498FE452242FD63A005138C7 /* Resources */,
			);
			buildRules = (
			);
			dependencies = (
			);
			name = AppBeverages;
			productName = AppBeverages;
			productReference = 498FE454242FD63A005138C7 /* AppBeverages.app */;
			productType = "com.apple.product-type.application";
		};
/* End PBXNativeTarget section */

/* Begin PBXProject section */
		498FE44C242FD63A005138C7 /* Project object */ = {
			isa = PBXProject;
			attributes = {
				LastSwiftUpdateCheck = 1130;
				LastUpgradeCheck = 1130;
				ORGANIZATIONNAME = "Sergio Ricardo Garcia Vargas";
				TargetAttributes = {
					498FE453242FD63A005138C7 = {
						CreatedOnToolsVersion = 11.3.1;
					};
				};
			};
			buildConfigurationList = 498FE44F242FD63A005138C7 /* Build configuration list for PBXProject "AppBeverages" */;
			compatibilityVersion = "Xcode 9.3";
			developmentRegion = en;
			hasScannedForEncodings = 0;
			knownRegions = (
				en,
				Base,
			);
			mainGroup = 498FE44B242FD63A005138C7;
			productRefGroup = 498FE455242FD63A005138C7 /* Products */;
			projectDirPath = "";
			projectRoot = "";
			targets = (
				498FE453242FD63A005138C7 /* AppBeverages */,
			);
		};
/* End PBXProject section */

/* Begin PBXResourcesBuildPhase section */
		498FE452242FD63A005138C7 /* Resources */ = {
			isa = PBXResourcesBuildPhase;
			buildActionMask = 2147483647;
			files = (
				498FE464242FD63A005138C7 /* LaunchScreen.storyboard in Resources */,
				498FE461242FD63A005138C7 /* Preview Assets.xcassets in Resources */,
				498FE45E242FD63A005138C7 /* Assets.xcassets in Resources */,
				498FE46C242FD6A1005138C7 /* Beverages.storyboard in Resources */,
			);
			runOnlyForDeploymentPostprocessing = 0;
		};
/* End PBXResourcesBuildPhase section */

/* Begin PBXSourcesBuildPhase section */
		498FE450242FD63A005138C7 /* Sources */ = {
			isa = PBXSourcesBuildPhase;
			buildActionMask = 2147483647;
			files = (
				498FE458242FD63A005138C7 /* AppDelegate.swift in Sources */,
				498FE45A242FD63A005138C7 /* SceneDelegate.swift in Sources */,
				498FE45C242FD63A005138C7 /* ContentView.swift in Sources */,
			);
			runOnlyForDeploymentPostprocessing = 0;
		};
/* End PBXSourcesBuildPhase section */

/* Begin PBXVariantGroup section */
		498FE462242FD63A005138C7 /* LaunchScreen.storyboard */ = {
			isa = PBXVariantGroup;
			children = (
				498FE463242FD63A005138C7 /* Base */,
			);
			name = LaunchScreen.storyboard;
			sourceTree = "<group>";
		};
/* End PBXVariantGroup section */

/* Begin XCBuildConfiguration section */
		498FE466242FD63A005138C7 /* Debug */ = {
			isa = XCBuildConfiguration;
			buildSettings = {
				ALWAYS_SEARCH_USER_PATHS = NO;
				CLANG_ANALYZER_NONNULL = YES;
				CLANG_ANALYZER_NUMBER_OBJECT_CONVERSION = YES_AGGRESSIVE;
				CLANG_CXX_LANGUAGE_STANDARD = "gnu++14";
				CLANG_CXX_LIBRARY = "libc++";
				CLANG_ENABLE_MODULES = YES;
				CLANG_ENABLE_OBJC_ARC = YES;
				CLANG_ENABLE_OBJC_WEAK = YES;
				CLANG_WARN_BLOCK_CAPTURE_AUTORELEASING = YES;
				CLANG_WARN_BOOL_CONVERSION = YES;
				CLANG_WARN_COMMA = YES;
				CLANG_WARN_CONSTANT_CONVERSION = YES;
				CLANG_WARN_DEPRECATED_OBJC_IMPLEMENTATIONS = YES;
				CLANG_WARN_DIRECT_OBJC_ISA_USAGE = YES_ERROR;
				CLANG_WARN_DOCUMENTATION_COMMENTS = YES;
				CLANG_WARN_EMPTY_BODY = YES;
				CLANG_WARN_ENUM_CONVERSION = YES;
				CLANG_WARN_INFINITE_RECURSION = YES;
				CLANG_WARN_INT_CONVERSION = YES;
				CLANG_WARN_NON_LITERAL_NULL_CONVERSION = YES;
				CLANG_WARN_OBJC_IMPLICIT_RETAIN_SELF = YES;
				CLANG_WARN_OBJC_LITERAL_CONVERSION = YES;
				CLANG_WARN_OBJC_ROOT_CLASS = YES_ERROR;
				CLANG_WARN_RANGE_LOOP_ANALYSIS = YES;
				CLANG_WARN_STRICT_PROTOTYPES = YES;
				CLANG_WARN_SUSPICIOUS_MOVE = YES;
				CLANG_WARN_UNGUARDED_AVAILABILITY = YES_AGGRESSIVE;
				CLANG_WARN_UNREACHABLE_CODE = YES;
				CLANG_WARN__DUPLICATE_METHOD_MATCH = YES;
				COPY_PHASE_STRIP = NO;
				DEBUG_INFORMATION_FORMAT = dwarf;
				ENABLE_STRICT_OBJC_MSGSEND = YES;
				ENABLE_TESTABILITY = YES;
				GCC_C_LANGUAGE_STANDARD = gnu11;
				GCC_DYNAMIC_NO_PIC = NO;
				GCC_NO_COMMON_BLOCKS = YES;
				GCC_OPTIMIZATION_LEVEL = 0;
				GCC_PREPROCESSOR_DEFINITIONS = (
					"DEBUG=1",
					"$(inherited)",
				);
				GCC_WARN_64_TO_32_BIT_CONVERSION = YES;
				GCC_WARN_ABOUT_RETURN_TYPE = YES_ERROR;
				GCC_WARN_UNDECLARED_SELECTOR = YES;
				GCC_WARN_UNINITIALIZED_AUTOS = YES_AGGRESSIVE;
				GCC_WARN_UNUSED_FUNCTION = YES;
				GCC_WARN_UNUSED_VARIABLE = YES;
				IPHONEOS_DEPLOYMENT_TARGET = 13.2;
				MTL_ENABLE_DEBUG_INFO = INCLUDE_SOURCE;
				MTL_FAST_MATH = YES;
				ONLY_ACTIVE_ARCH = YES;
				SDKROOT = iphoneos;
				SWIFT_ACTIVE_COMPILATION_CONDITIONS = DEBUG;
				SWIFT_OPTIMIZATION_LEVEL = "-Onone";
			};
			name = Debug;
		};
		498FE467242FD63A005138C7 /* Release */ = {
			isa = XCBuildConfiguration;
			buildSettings = {
				ALWAYS_SEARCH_USER_PATHS = NO;
				CLANG_ANALYZER_NONNULL = YES;
				CLANG_ANALYZER_NUMBER_OBJECT_CONVERSION = YES_AGGRESSIVE;
				CLANG_CXX_LANGUAGE_STANDARD = "gnu++14";
				CLANG_CXX_LIBRARY = "libc++";
				CLANG_ENABLE_MODULES = YES;
				CLANG_ENABLE_OBJC_ARC = YES;
				CLANG_ENABLE_OBJC_WEAK = YES;
				CLANG_WARN_BLOCK_CAPTURE_AUTORELEASING = YES;
				CLANG_WARN_BOOL_CONVERSION = YES;
				CLANG_WARN_COMMA = YES;
				CLANG_WARN_CONSTANT_CONVERSION = YES;
				CLANG_WARN_DEPRECATED_OBJC_IMPLEMENTATIONS = YES;
				CLANG_WARN_DIRECT_OBJC_ISA_USAGE = YES_ERROR;
				CLANG_WARN_DOCUMENTATION_COMMENTS = YES;
				CLANG_WARN_EMPTY_BODY = YES;
				CLANG_WARN_ENUM_CONVERSION = YES;
				CLANG_WARN_INFINITE_RECURSION = YES;
				CLANG_WARN_INT_CONVERSION = YES;
				CLANG_WARN_NON_LITERAL_NULL_CONVERSION = YES;
				CLANG_WARN_OBJC_IMPLICIT_RETAIN_SELF = YES;
				CLANG_WARN_OBJC_LITERAL_CONVERSION = YES;
				CLANG_WARN_OBJC_ROOT_CLASS = YES_ERROR;
				CLANG_WARN_RANGE_LOOP_ANALYSIS = YES;
				CLANG_WARN_STRICT_PROTOTYPES = YES;
				CLANG_WARN_SUSPICIOUS_MOVE = YES;
				CLANG_WARN_UNGUARDED_AVAILABILITY = YES_AGGRESSIVE;
				CLANG_WARN_UNREACHABLE_CODE = YES;
				CLANG_WARN__DUPLICATE_METHOD_MATCH = YES;
				COPY_PHASE_STRIP = NO;
				DEBUG_INFORMATION_FORMAT = "dwarf-with-dsym";
				ENABLE_NS_ASSERTIONS = NO;
				ENABLE_STRICT_OBJC_MSGSEND = YES;
				GCC_C_LANGUAGE_STANDARD = gnu11;
				GCC_NO_COMMON_BLOCKS = YES;
				GCC_WARN_64_TO_32_BIT_CONVERSION = YES;
				GCC_WARN_ABOUT_RETURN_TYPE = YES_ERROR;
				GCC_WARN_UNDECLARED_SELECTOR = YES;
				GCC_WARN_UNINITIALIZED_AUTOS = YES_AGGRESSIVE;
				GCC_WARN_UNUSED_FUNCTION = YES;
				GCC_WARN_UNUSED_VARIABLE = YES;
				IPHONEOS_DEPLOYMENT_TARGET = 13.2;
				MTL_ENABLE_DEBUG_INFO = NO;
				MTL_FAST_MATH = YES;
				SDKROOT = iphoneos;
				SWIFT_COMPILATION_MODE = wholemodule;
				SWIFT_OPTIMIZATION_LEVEL = "-O";
				VALIDATE_PRODUCT = YES;
			};
			name = Release;
		};
		498FE469242FD63A005138C7 /* Debug */ = {
			isa = XCBuildConfiguration;
			buildSettings = {
				ASSETCATALOG_COMPILER_APPICON_NAME = AppIcon;
				CODE_SIGN_STYLE = Automatic;
				DEVELOPMENT_ASSET_PATHS = "\"AppBeverages/Preview Content\"";
				ENABLE_PREVIEWS = YES;
				INFOPLIST_FILE = AppBeverages/Info.plist;
				LD_RUNPATH_SEARCH_PATHS = (
					"$(inherited)",
					"@executable_path/Frameworks",
				);
				PRODUCT_BUNDLE_IDENTIFIER = mx.com.pod.AppBeverages;
				PRODUCT_NAME = "$(TARGET_NAME)";
				SWIFT_VERSION = 5.0;
				TARGETED_DEVICE_FAMILY = "1,2";
			};
			name = Debug;
		};
		498FE46A242FD63A005138C7 /* Release */ = {
			isa = XCBuildConfiguration;
			buildSettings = {
				ASSETCATALOG_COMPILER_APPICON_NAME = AppIcon;
				CODE_SIGN_STYLE = Automatic;
				DEVELOPMENT_ASSET_PATHS = "\"AppBeverages/Preview Content\"";
				ENABLE_PREVIEWS = YES;
				INFOPLIST_FILE = AppBeverages/Info.plist;
				LD_RUNPATH_SEARCH_PATHS = (
					"$(inherited)",
					"@executable_path/Frameworks",
				);
				PRODUCT_BUNDLE_IDENTIFIER = mx.com.pod.AppBeverages;
				PRODUCT_NAME = "$(TARGET_NAME)";
				SWIFT_VERSION = 5.0;
				TARGETED_DEVICE_FAMILY = "1,2";
			};
			name = Release;
		};
/* End XCBuildConfiguration section */

/* Begin XCConfigurationList section */
		498FE44F242FD63A005138C7 /* Build configuration list for PBXProject "AppBeverages" */ = {
			isa = XCConfigurationList;
			buildConfigurations = (
				498FE466242FD63A005138C7 /* Debug */,
				498FE467242FD63A005138C7 /* Release */,
			);
			defaultConfigurationIsVisible = 0;
			defaultConfigurationName = Release;
		};
		498FE468242FD63A005138C7 /* Build configuration list for PBXNativeTarget "AppBeverages" */ = {
			isa = XCConfigurationList;
			buildConfigurations = (
				498FE469242FD63A005138C7 /* Debug */,
				498FE46A242FD63A005138C7 /* Release */,
			);
			defaultConfigurationIsVisible = 0;
			defaultConfigurationName = Release;
		};
/* End XCConfigurationList section */
	};
	rootObject = 498FE44C242FD63A005138C7 /* Project object */;
}
